
Microsoft Visual Studio Solution File, Format Version 12.00
# Visual Studio Version 16
VisualStudioVersion = 16.0.29905.134
MinimumVisualStudioVersion = 10.0.40219.1
Project("{FAE04EC0-301F-11D3-BF4B-00C04F79EFBC}") = "WcfServiceLibrary1", "WcfServiceLibrary1\WcfServiceLibrary1.csproj", "{B0FD4946-71C9-4B8D-947C-C086AEF29437}"
EndProject
Project("{FAE04EC0-301F-11D3-BF4B-00C04F79EFBC}") = "WCFHostApplication", "WCFHostApplication\WCFHostApplication.csproj", "{06ACCF76-4F0D-408C-A7F8-39B3FF001D1C}"
EndProject
Project("{FAE04EC0-301F-11D3-BF4B-00C04F79EFBC}") = "WCFClientApplication", "WindowsFormsApp1\WCFClientApplication.csproj", "{E764EB01-D2CE-4817-BD9E-8E1F93A0E74A}"
	ProjectSection(ProjectDependencies) = postProject
		{B0FD4946-71C9-4B8D-947C-C086AEF29437} = {B0FD4946-71C9-4B8D-947C-C086AEF29437}
	EndProjectSection
EndProject
Global
	GlobalSection(SolutionConfigurationPlatforms) = preSolution
		Debug|Any CPU = Debug|Any CPU
		Release|Any CPU = Release|Any CPU
	EndGlobalSection
	GlobalSection(ProjectConfigurationPlatforms) = postSolution
		{B0FD4946-71C9-4B8D-947C-C086AEF29437}.Debug|Any CPU.ActiveCfg = Debug|Any CPU
		{B0FD4946-71C9-4B8D-947C-C086AEF29437}.Debug|Any CPU.Build.0 = Debug|Any CPU
		{B0FD4946-71C9-4B8D-947C-C086AEF29437}.Release|Any CPU.ActiveCfg = Release|Any CPU
		{B0FD4946-71C9-4B8D-947C-C086AEF29437}.Release|Any CPU.Build.0 = Release|Any CPU
		{06ACCF76-4F0D-408C-A7F8-39B3FF001D1C}.Debug|Any CPU.ActiveCfg = Debug|Any CPU
		{06ACCF76-4F0D-408C-A7F8-39B3FF001D1C}.Debug|Any CPU.Build.0 = Debug|Any CPU
		{06ACCF76-4F0D-408C-A7F8-39B3FF001D1C}.Release|Any CPU.ActiveCfg = Release|Any CPU
		{06ACCF76-4F0D-408C-A7F8-39B3FF001D1C}.Release|Any CPU.Build.0 = Release|Any CPU
		{E764EB01-D2CE-4817-BD9E-8E1F93A0E74A}.Debug|Any CPU.ActiveCfg = Debug|Any CPU
		{E764EB01-D2CE-4817-BD9E-8E1F93A0E74A}.Debug|Any CPU.Build.0 = Debug|Any CPU
		{E764EB01-D2CE-4817-BD9E-8E1F93A0E74A}.Release|Any CPU.ActiveCfg = Release|Any CPU
		{E764EB01-D2CE-4817-BD9E-8E1F93A0E74A}.Release|Any CPU.Build.0 = Release|Any CPU
	EndGlobalSection
	GlobalSection(SolutionProperties) = preSolution
		HideSolutionNode = FALSE
	EndGlobalSection
	GlobalSection(ExtensibilityGlobals) = postSolution
		SolutionGuid = {4E91B7E2-C8C5-4CAF-9AA6-DF0534052141}
	EndGlobalSection
EndGlobal
