
Microsoft Visual Studio Solution File, Format Version 12.00
# Visual Studio 15
VisualStudioVersion = 15.0.28307.779
MinimumVisualStudioVersion = 10.0.40219.1
Project("{FAE04EC0-301F-11D3-BF4B-00C04F79EFBC}") = "server", "lab0\server.csproj", "{7DE9C78D-884C-4C1B-82BA-F9522D0DE61F}"
EndProject
Project("{FAE04EC0-301F-11D3-BF4B-00C04F79EFBC}") = "client", "client\client.csproj", "{9B7E4B59-EB55-49E5-9C44-962FB273F98C}"
EndProject
Global
	GlobalSection(SolutionConfigurationPlatforms) = preSolution
		Debug|Any CPU = Debug|Any CPU
		Release|Any CPU = Release|Any CPU
	EndGlobalSection
	GlobalSection(ProjectConfigurationPlatforms) = postSolution
		{7DE9C78D-884C-4C1B-82BA-F9522D0DE61F}.Debug|Any CPU.ActiveCfg = Debug|Any CPU
		{7DE9C78D-884C-4C1B-82BA-F9522D0DE61F}.Debug|Any CPU.Build.0 = Debug|Any CPU
		{7DE9C78D-884C-4C1B-82BA-F9522D0DE61F}.Release|Any CPU.ActiveCfg = Release|Any CPU
		{7DE9C78D-884C-4C1B-82BA-F9522D0DE61F}.Release|Any CPU.Build.0 = Release|Any CPU
		{9B7E4B59-EB55-49E5-9C44-962FB273F98C}.Debug|Any CPU.ActiveCfg = Debug|Any CPU
		{9B7E4B59-EB55-49E5-9C44-962FB273F98C}.Debug|Any CPU.Build.0 = Debug|Any CPU
		{9B7E4B59-EB55-49E5-9C44-962FB273F98C}.Release|Any CPU.ActiveCfg = Release|Any CPU
		{9B7E4B59-EB55-49E5-9C44-962FB273F98C}.Release|Any CPU.Build.0 = Release|Any CPU
	EndGlobalSection
	GlobalSection(SolutionProperties) = preSolution
		HideSolutionNode = FALSE
	EndGlobalSection
	GlobalSection(ExtensibilityGlobals) = postSolution
		SolutionGuid = {C8AEAA55-EA51-4932-8DD8-8A3E55522044}
	EndGlobalSection
EndGlobal
