
Microsoft Visual Studio Solution File, Format Version 12.00
# Visual Studio 15
VisualStudioVersion = 15.0.28307.779
MinimumVisualStudioVersion = 10.0.40219.1
Project("{FAE04EC0-301F-11D3-BF4B-00C04F79EFBC}") = "EntityFrameworkLab", "EntityFrameworkLab\EntityFrameworkLab.csproj", "{1EA298EC-82F8-46E4-96FB-B9DB77FAE7A3}"
EndProject
Global
	GlobalSection(SolutionConfigurationPlatforms) = preSolution
		Debug|Any CPU = Debug|Any CPU
		Release|Any CPU = Release|Any CPU
	EndGlobalSection
	GlobalSection(ProjectConfigurationPlatforms) = postSolution
		{1EA298EC-82F8-46E4-96FB-B9DB77FAE7A3}.Debug|Any CPU.ActiveCfg = Debug|Any CPU
		{1EA298EC-82F8-46E4-96FB-B9DB77FAE7A3}.Debug|Any CPU.Build.0 = Debug|Any CPU
		{1EA298EC-82F8-46E4-96FB-B9DB77FAE7A3}.Release|Any CPU.ActiveCfg = Release|Any CPU
		{1EA298EC-82F8-46E4-96FB-B9DB77FAE7A3}.Release|Any CPU.Build.0 = Release|Any CPU
	EndGlobalSection
	GlobalSection(SolutionProperties) = preSolution
		HideSolutionNode = FALSE
	EndGlobalSection
	GlobalSection(ExtensibilityGlobals) = postSolution
		SolutionGuid = {5A897B69-EF7D-4BDC-8CD1-A05BF63B8CA8}
	EndGlobalSection
EndGlobal
