
Microsoft Visual Studio Solution File, Format Version 12.00
# Visual Studio 15
VisualStudioVersion = 15.0.28307.779
MinimumVisualStudioVersion = 10.0.40219.1
Project("{9A19103F-16F7-4668-BE54-9A1E7A4F7556}") = "SignalRLabs", "SignalRLabs\SignalRLabs.csproj", "{ECF3C9FD-FEFC-46AB-9059-C421428F4CCF}"
EndProject
Project("{FAE04EC0-301F-11D3-BF4B-00C04F79EFBC}") = "SignalRClient", "SignalRClient\SignalRClient.csproj", "{D8CCA9C9-8970-4CB6-A8FD-68E4AC07B85F}"
EndProject
Global
	GlobalSection(SolutionConfigurationPlatforms) = preSolution
		Debug|Any CPU = Debug|Any CPU
		Release|Any CPU = Release|Any CPU
	EndGlobalSection
	GlobalSection(ProjectConfigurationPlatforms) = postSolution
		{ECF3C9FD-FEFC-46AB-9059-C421428F4CCF}.Debug|Any CPU.ActiveCfg = Debug|Any CPU
		{ECF3C9FD-FEFC-46AB-9059-C421428F4CCF}.Debug|Any CPU.Build.0 = Debug|Any CPU
		{ECF3C9FD-FEFC-46AB-9059-C421428F4CCF}.Release|Any CPU.ActiveCfg = Release|Any CPU
		{ECF3C9FD-FEFC-46AB-9059-C421428F4CCF}.Release|Any CPU.Build.0 = Release|Any CPU
		{D8CCA9C9-8970-4CB6-A8FD-68E4AC07B85F}.Debug|Any CPU.ActiveCfg = Debug|Any CPU
		{D8CCA9C9-8970-4CB6-A8FD-68E4AC07B85F}.Debug|Any CPU.Build.0 = Debug|Any CPU
		{D8CCA9C9-8970-4CB6-A8FD-68E4AC07B85F}.Release|Any CPU.ActiveCfg = Release|Any CPU
		{D8CCA9C9-8970-4CB6-A8FD-68E4AC07B85F}.Release|Any CPU.Build.0 = Release|Any CPU
	EndGlobalSection
	GlobalSection(SolutionProperties) = preSolution
		HideSolutionNode = FALSE
	EndGlobalSection
	GlobalSection(ExtensibilityGlobals) = postSolution
		SolutionGuid = {2F613205-F274-4D3B-A82B-5179744252F4}
	EndGlobalSection
EndGlobal
